// !$*UTF8*$!
{
	archiveVersion = 1;
	classes = {
	};
	objectVersion = 46;
	objects = {

/* Begin PBXBuildFile section */
		69A83A3B1E83254F00BCA9C0 /* AppDelegate.swift in Sources */ = {isa = PBXBuildFile; fileRef = 69A83A3A1E83254F00BCA9C0 /* AppDelegate.swift */; };
		69A83A3D1E83254F00BCA9C0 /* ViewController.swift in Sources */ = {isa = PBXBuildFile; fileRef = 69A83A3C1E83254F00BCA9C0 /* ViewController.swift */; };
		69A83A401E83254F00BCA9C0 /* Main.storyboard in Resources */ = {isa = PBXBuildFile; fileRef = 69A83A3E1E83254F00BCA9C0 /* Main.storyboard */; };
		69A83A421E83254F00BCA9C0 /* Assets.xcassets in Resources */ = {isa = PBXBuildFile; fileRef = 69A83A411E83254F00BCA9C0 /* Assets.xcassets */; };
		69A83A451E83254F00BCA9C0 /* LaunchScreen.storyboard in Resources */ = {isa = PBXBuildFile; fileRef = 69A83A431E83254F00BCA9C0 /* LaunchScreen.storyboard */; };
		B36F64452E8D5FB59AF6A185 /* Pods_PodsTestApp.framework in Frameworks */ = {isa = PBXBuildFile; fileRef = D81820D5F0EBB26C9B53DAC0 /* Pods_PodsTestApp.framework */; };
/* End PBXBuildFile section */

/* Begin PBXFileReference section */
		69A83A371E83254F00BCA9C0 /* PodsTestApp.app */ = {isa = PBXFileReference; explicitFileType = wrapper.application; includeInIndex = 0; path = PodsTestApp.app; sourceTree = BUILT_PRODUCTS_DIR; };
		69A83A3A1E83254F00BCA9C0 /* AppDelegate.swift */ = {isa = PBXFileReference; lastKnownFileType = sourcecode.swift; path = AppDelegate.swift; sourceTree = "<group>"; };
		69A83A3C1E83254F00BCA9C0 /* ViewController.swift */ = {isa = PBXFileReference; lastKnownFileType = sourcecode.swift; path = ViewController.swift; sourceTree = "<group>"; };
		69A83A3F1E83254F00BCA9C0 /* Base */ = {isa = PBXFileReference; lastKnownFileType = file.storyboard; name = Base; path = Base.lproj/Main.storyboard; sourceTree = "<group>"; };
		69A83A411E83254F00BCA9C0 /* Assets.xcassets */ = {isa = PBXFileReference; lastKnownFileType = folder.assetcatalog; path = Assets.xcassets; sourceTree = "<group>"; };
		69A83A441E83254F00BCA9C0 /* Base */ = {isa = PBXFileReference; lastKnownFileType = file.storyboard; name = Base; path = Base.lproj/LaunchScreen.storyboard; sourceTree = "<group>"; };
		69A83A461E83254F00BCA9C0 /* Info.plist */ = {isa = PBXFileReference; lastKnownFileType = text.plist.xml; path = Info.plist; sourceTree = "<group>"; };
		9129582FA2B833B95AE5B47A /* Pods-PodsTestApp.debug.xcconfig */ = {isa = PBXFileReference; includeInIndex = 1; lastKnownFileType = text.xcconfig; name = "Pods-PodsTestApp.debug.xcconfig"; path = "Pods/Target Support Files/Pods-PodsTestApp/Pods-PodsTestApp.debug.xcconfig"; sourceTree = "<group>"; };
		D81820D5F0EBB26C9B53DAC0 /* Pods_PodsTestApp.framework */ = {isa = PBXFileReference; explicitFileType = wrapper.framework; includeInIndex = 0; path = Pods_PodsTestApp.framework; sourceTree = BUILT_PRODUCTS_DIR; };
		E838E378D6741C097EA806AF /* Pods-PodsTestApp.release.xcconfig */ = {isa = PBXFileReference; includeInIndex = 1; lastKnownFileType = text.xcconfig; name = "Pods-PodsTestApp.release.xcconfig"; path = "Pods/Target Support Files/Pods-PodsTestApp/Pods-PodsTestApp.release.xcconfig"; sourceTree = "<group>"; };
/* End PBXFileReference section */

/* Begin PBXFrameworksBuildPhase section */
		69A83A341E83254F00BCA9C0 /* Frameworks */ = {
			isa = PBXFrameworksBuildPhase;
			buildActionMask = 2147483647;
			files = (
				B36F64452E8D5FB59AF6A185 /* Pods_PodsTestApp.framework in Frameworks */,
			);
			runOnlyForDeploymentPostprocessing = 0;
		};
/* End PBXFrameworksBuildPhase section */

/* Begin PBXGroup section */
		2B65C6CADF5EA200392C2DED /* Frameworks */ = {
			isa = PBXGroup;
			children = (
				D81820D5F0EBB26C9B53DAC0 /* Pods_PodsTestApp.framework */,
			);
			name = Frameworks;
			sourceTree = "<group>";
		};
		69A83A2E1E83254F00BCA9C0 = {
			isa = PBXGroup;
			children = (
				69A83A391E83254F00BCA9C0 /* PodsTestApp */,
				69A83A381E83254F00BCA9C0 /* Products */,
				C2F0A019D8795DF4CCDE76A3 /* Pods */,
				2B65C6CADF5EA200392C2DED /* Frameworks */,
			);
			sourceTree = "<group>";
		};
		69A83A381E83254F00BCA9C0 /* Products */ = {
			isa = PBXGroup;
			children = (
				69A83A371E83254F00BCA9C0 /* PodsTestApp.app */,
			);
			name = Products;
			sourceTree = "<group>";
		};
		69A83A391E83254F00BCA9C0 /* PodsTestApp */ = {
			isa = PBXGroup;
			children = (
				69A83A3A1E83254F00BCA9C0 /* AppDelegate.swift */,
				69A83A3C1E83254F00BCA9C0 /* ViewController.swift */,
				69A83A3E1E83254F00BCA9C0 /* Main.storyboard */,
				69A83A411E83254F00BCA9C0 /* Assets.xcassets */,
				69A83A431E83254F00BCA9C0 /* LaunchScreen.storyboard */,
				69A83A461E83254F00BCA9C0 /* Info.plist */,
			);
			path = PodsTestApp;
			sourceTree = "<group>";
		};
		C2F0A019D8795DF4CCDE76A3 /* Pods */ = {
			isa = PBXGroup;
			children = (
				9129582FA2B833B95AE5B47A /* Pods-PodsTestApp.debug.xcconfig */,
				E838E378D6741C097EA806AF /* Pods-PodsTestApp.release.xcconfig */,
			);
			name = Pods;
			sourceTree = "<group>";
		};
/* End PBXGroup section */

/* Begin PBXNativeTarget section */
		69A83A361E83254F00BCA9C0 /* PodsTestApp */ = {
			isa = PBXNativeTarget;
			buildConfigurationList = 69A83A491E83254F00BCA9C0 /* Build configuration list for PBXNativeTarget "PodsTestApp" */;
			buildPhases = (
				FA2B7DFC38AC642D93ABB3E6 /* [CP] Check Pods Manifest.lock */,
				69A83A331E83254F00BCA9C0 /* Sources */,
				69A83A341E83254F00BCA9C0 /* Frameworks */,
				69A83A351E83254F00BCA9C0 /* Resources */,
				8CF8609E417E96313A90C980 /* [CP] Embed Pods Frameworks */,
				C828D0C185499D0E2E19CCA2 /* [CP] Copy Pods Resources */,
			);
			buildRules = (
			);
			dependencies = (
			);
			name = PodsTestApp;
			productName = PodsTestApp;
			productReference = 69A83A371E83254F00BCA9C0 /* PodsTestApp.app */;
			productType = "com.apple.product-type.application";
		};
/* End PBXNativeTarget section */

/* Begin PBXProject section */
		69A83A2F1E83254F00BCA9C0 /* Project object */ = {
			isa = PBXProject;
			attributes = {
				LastSwiftUpdateCheck = 0820;
				LastUpgradeCheck = 0820;
				ORGANIZATIONNAME = "Test, Inc.";
				TargetAttributes = {
					69A83A361E83254F00BCA9C0 = {
						CreatedOnToolsVersion = 8.2.1;
						DevelopmentTeam = PQQZVTFRTS;
						ProvisioningStyle = Automatic;
					};
				};
			};
			buildConfigurationList = 69A83A321E83254F00BCA9C0 /* Build configuration list for PBXProject "PodsTestApp" */;
			compatibilityVersion = "Xcode 3.2";
			developmentRegion = English;
			hasScannedForEncodings = 0;
			knownRegions = (
				en,
				Base,
			);
			mainGroup = 69A83A2E1E83254F00BCA9C0;
			productRefGroup = 69A83A381E83254F00BCA9C0 /* Products */;
			projectDirPath = "";
			projectRoot = "";
			targets = (
				69A83A361E83254F00BCA9C0 /* PodsTestApp */,
			);
		};
/* End PBXProject section */

/* Begin PBXResourcesBuildPhase section */
		69A83A351E83254F00BCA9C0 /* Resources */ = {
			isa = PBXResourcesBuildPhase;
			buildActionMask = 2147483647;
			files = (
				69A83A451E83254F00BCA9C0 /* LaunchScreen.storyboard in Resources */,
				69A83A421E83254F00BCA9C0 /* Assets.xcassets in Resources */,
				69A83A401E83254F00BCA9C0 /* Main.storyboard in Resources */,
			);
			runOnlyForDeploymentPostprocessing = 0;
		};
/* End PBXResourcesBuildPhase section */

/* Begin PBXShellScriptBuildPhase section */
		8CF8609E417E96313A90C980 /* [CP] Embed Pods Frameworks */ = {
			isa = PBXShellScriptBuildPhase;
			buildActionMask = 2147483647;
			files = (
			);
			inputPaths = (
			);
			name = "[CP] Embed Pods Frameworks";
			outputPaths = (
			);
			runOnlyForDeploymentPostprocessing = 0;
			shellPath = /bin/sh;
			shellScript = "\"${SRCROOT}/Pods/Target Support Files/Pods-PodsTestApp/Pods-PodsTestApp-frameworks.sh\"\n";
			showEnvVarsInLog = 0;
		};
		C828D0C185499D0E2E19CCA2 /* [CP] Copy Pods Resources */ = {
			isa = PBXShellScriptBuildPhase;
			buildActionMask = 2147483647;
			files = (
			);
			inputPaths = (
			);
			name = "[CP] Copy Pods Resources";
			outputPaths = (
			);
			runOnlyForDeploymentPostprocessing = 0;
			shellPath = /bin/sh;
			shellScript = "\"${SRCROOT}/Pods/Target Support Files/Pods-PodsTestApp/Pods-PodsTestApp-resources.sh\"\n";
			showEnvVarsInLog = 0;
		};
		FA2B7DFC38AC642D93ABB3E6 /* [CP] Check Pods Manifest.lock */ = {
			isa = PBXShellScriptBuildPhase;
			buildActionMask = 2147483647;
			files = (
			);
			inputPaths = (
			);
			name = "[CP] Check Pods Manifest.lock";
			outputPaths = (
			);
			runOnlyForDeploymentPostprocessing = 0;
			shellPath = /bin/sh;
			shellScript = "diff \"${PODS_ROOT}/../Podfile.lock\" \"${PODS_ROOT}/Manifest.lock\" > /dev/null\nif [ $? != 0 ] ; then\n    # print error to STDERR\n    echo \"error: The sandbox is not in sync with the Podfile.lock. Run 'pod install' or update your CocoaPods installation.\" >&2\n    exit 1\nfi\n";
			showEnvVarsInLog = 0;
		};
/* End PBXShellScriptBuildPhase section */

/* Begin PBXSourcesBuildPhase section */
		69A83A331E83254F00BCA9C0 /* Sources */ = {
			isa = PBXSourcesBuildPhase;
			buildActionMask = 2147483647;
			files = (
				69A83A3D1E83254F00BCA9C0 /* ViewController.swift in Sources */,
				69A83A3B1E83254F00BCA9C0 /* AppDelegate.swift in Sources */,
			);
			runOnlyForDeploymentPostprocessing = 0;
		};
/* End PBXSourcesBuildPhase section */

/* Begin PBXVariantGroup section */
		69A83A3E1E83254F00BCA9C0 /* Main.storyboard */ = {
			isa = PBXVariantGroup;
			children = (
				69A83A3F1E83254F00BCA9C0 /* Base */,
			);
			name = Main.storyboard;
			sourceTree = "<group>";
		};
		69A83A431E83254F00BCA9C0 /* LaunchScreen.storyboard */ = {
			isa = PBXVariantGroup;
			children = (
				69A83A441E83254F00BCA9C0 /* Base */,
			);
			name = LaunchScreen.storyboard;
			sourceTree = "<group>";
		};
/* End PBXVariantGroup section */

/* Begin XCBuildConfiguration section */
		69A83A471E83254F00BCA9C0 /* Debug */ = {
			isa = XCBuildConfiguration;
			buildSettings = {
				ALWAYS_SEARCH_USER_PATHS = NO;
				CLANG_ANALYZER_NONNULL = YES;
				CLANG_CXX_LANGUAGE_STANDARD = "gnu++0x";
				CLANG_CXX_LIBRARY = "libc++";
				CLANG_ENABLE_MODULES = YES;
				CLANG_ENABLE_OBJC_ARC = YES;
				CLANG_WARN_BOOL_CONVERSION = YES;
				CLANG_WARN_CONSTANT_CONVERSION = YES;
				CLANG_WARN_DIRECT_OBJC_ISA_USAGE = YES_ERROR;
				CLANG_WARN_DOCUMENTATION_COMMENTS = YES;
				CLANG_WARN_EMPTY_BODY = YES;
				CLANG_WARN_ENUM_CONVERSION = YES;
				CLANG_WARN_INFINITE_RECURSION = YES;
				CLANG_WARN_INT_CONVERSION = YES;
				CLANG_WARN_OBJC_ROOT_CLASS = YES_ERROR;
				CLANG_WARN_SUSPICIOUS_MOVE = YES;
				CLANG_WARN_UNREACHABLE_CODE = YES;
				CLANG_WARN__DUPLICATE_METHOD_MATCH = YES;
				"CODE_SIGN_IDENTITY[sdk=iphoneos*]" = "iPhone Developer";
				COPY_PHASE_STRIP = NO;
				DEBUG_INFORMATION_FORMAT = dwarf;
				ENABLE_STRICT_OBJC_MSGSEND = YES;
				ENABLE_TESTABILITY = YES;
				GCC_C_LANGUAGE_STANDARD = gnu99;
				GCC_DYNAMIC_NO_PIC = NO;
				GCC_NO_COMMON_BLOCKS = YES;
				GCC_OPTIMIZATION_LEVEL = 0;
				GCC_PREPROCESSOR_DEFINITIONS = (
					"DEBUG=1",
					"$(inherited)",
				);
				GCC_WARN_64_TO_32_BIT_CONVERSION = YES;
				GCC_WARN_ABOUT_RETURN_TYPE = YES_ERROR;
				GCC_WARN_UNDECLARED_SELECTOR = YES;
				GCC_WARN_UNINITIALIZED_AUTOS = YES_AGGRESSIVE;
				GCC_WARN_UNUSED_FUNCTION = YES;
				GCC_WARN_UNUSED_VARIABLE = YES;
				IPHONEOS_DEPLOYMENT_TARGET = 10.2;
				MTL_ENABLE_DEBUG_INFO = YES;
				ONLY_ACTIVE_ARCH = YES;
				SDKROOT = iphoneos;
				SWIFT_ACTIVE_COMPILATION_CONDITIONS = DEBUG;
				SWIFT_OPTIMIZATION_LEVEL = "-Onone";
				TARGETED_DEVICE_FAMILY = "1,2";
			};
			name = Debug;
		};
		69A83A481E83254F00BCA9C0 /* Release */ = {
			isa = XCBuildConfiguration;
			buildSettings = {
				ALWAYS_SEARCH_USER_PATHS = NO;
				CLANG_ANALYZER_NONNULL = YES;
				CLANG_CXX_LANGUAGE_STANDARD = "gnu++0x";
				CLANG_CXX_LIBRARY = "libc++";
				CLANG_ENABLE_MODULES = YES;
				CLANG_ENABLE_OBJC_ARC = YES;
				CLANG_WARN_BOOL_CONVERSION = YES;
				CLANG_WARN_CONSTANT_CONVERSION = YES;
				CLANG_WARN_DIRECT_OBJC_ISA_USAGE = YES_ERROR;
				CLANG_WARN_DOCUMENTATION_COMMENTS = YES;
				CLANG_WARN_EMPTY_BODY = YES;
				CLANG_WARN_ENUM_CONVERSION = YES;
				CLANG_WARN_INFINITE_RECURSION = YES;
				CLANG_WARN_INT_CONVERSION = YES;
				CLANG_WARN_OBJC_ROOT_CLASS = YES_ERROR;
				CLANG_WARN_SUSPICIOUS_MOVE = YES;
				CLANG_WARN_UNREACHABLE_CODE = YES;
				CLANG_WARN__DUPLICATE_METHOD_MATCH = YES;
				"CODE_SIGN_IDENTITY[sdk=iphoneos*]" = "iPhone Developer";
				COPY_PHASE_STRIP = NO;
				DEBUG_INFORMATION_FORMAT = "dwarf-with-dsym";
				ENABLE_NS_ASSERTIONS = NO;
				ENABLE_STRICT_OBJC_MSGSEND = YES;
				GCC_C_LANGUAGE_STANDARD = gnu99;
				GCC_NO_COMMON_BLOCKS = YES;
				GCC_WARN_64_TO_32_BIT_CONVERSION = YES;
				GCC_WARN_ABOUT_RETURN_TYPE = YES_ERROR;
				GCC_WARN_UNDECLARED_SELECTOR = YES;
				GCC_WARN_UNINITIALIZED_AUTOS = YES_AGGRESSIVE;
				GCC_WARN_UNUSED_FUNCTION = YES;
				GCC_WARN_UNUSED_VARIABLE = YES;
				IPHONEOS_DEPLOYMENT_TARGET = 10.2;
				MTL_ENABLE_DEBUG_INFO = NO;
				SDKROOT = iphoneos;
				SWIFT_OPTIMIZATION_LEVEL = "-Owholemodule";
				TARGETED_DEVICE_FAMILY = "1,2";
				VALIDATE_PRODUCT = YES;
			};
			name = Release;
		};
		69A83A4A1E83254F00BCA9C0 /* Debug */ = {
			isa = XCBuildConfiguration;
			baseConfigurationReference = 9129582FA2B833B95AE5B47A /* Pods-PodsTestApp.debug.xcconfig */;
			buildSettings = {
				ASSETCATALOG_COMPILER_APPICON_NAME = AppIcon;
				DEVELOPMENT_TEAM = PQQZVTFRTS;
				INFOPLIST_FILE = PodsTestApp/Info.plist;
				LD_RUNPATH_SEARCH_PATHS = "$(inherited) @executable_path/Frameworks";
				PRODUCT_BUNDLE_IDENTIFIER = com.example.PodsTestApp;
				PRODUCT_NAME = "$(TARGET_NAME)";
				SWIFT_VERSION = 3.0;
			};
			name = Debug;
		};
		69A83A4B1E83254F00BCA9C0 /* Release */ = {
			isa = XCBuildConfiguration;
			baseConfigurationReference = E838E378D6741C097EA806AF /* Pods-PodsTestApp.release.xcconfig */;
			buildSettings = {
				ASSETCATALOG_COMPILER_APPICON_NAME = AppIcon;
				DEVELOPMENT_TEAM = PQQZVTFRTS;
				INFOPLIST_FILE = PodsTestApp/Info.plist;
				LD_RUNPATH_SEARCH_PATHS = "$(inherited) @executable_path/Frameworks";
				PRODUCT_BUNDLE_IDENTIFIER = com.example.PodsTestApp;
				PRODUCT_NAME = "$(TARGET_NAME)";
				SWIFT_VERSION = 3.0;
			};
			name = Release;
		};
/* End XCBuildConfiguration section */

/* Begin XCConfigurationList section */
		69A83A321E83254F00BCA9C0 /* Build configuration list for PBXProject "PodsTestApp" */ = {
			isa = XCConfigurationList;
			buildConfigurations = (
				69A83A471E83254F00BCA9C0 /* Debug */,
				69A83A481E83254F00BCA9C0 /* Release */,
			);
			defaultConfigurationIsVisible = 0;
			defaultConfigurationName = Release;
		};
		69A83A491E83254F00BCA9C0 /* Build configuration list for PBXNativeTarget "PodsTestApp" */ = {
			isa = XCConfigurationList;
			buildConfigurations = (
				69A83A4A1E83254F00BCA9C0 /* Debug */,
				69A83A4B1E83254F00BCA9C0 /* Release */,
			);
			defaultConfigurationIsVisible = 0;
		};
/* End XCConfigurationList section */
	};
	rootObject = 69A83A2F1E83254F00BCA9C0 /* Project object */;
}
